github.com/agilira/argus v1.0.2 h1:EdhsPqWijPcmj2t2AzmW7hf+pU4Avxx1r/t4fmTWKDc=
github.com/agilira/argus v1.0.2/go.mod h1:kHsrvvFT06K4UGS9LdzgKS/gq7SKMAPuRx/h3Xb+fuA=
github.com/agilira/flash-flags v1.1.5 h1:wCYtbmNfqDyDO5J3qE32rRnVLh+8hm0pKNTTmCemR50=
github.com/agilira/flash-flags v1.1.5/go.mod h1:vuuo9FRN+ZgREaa1WYRmUFac/h3+CwuvD4EvjF5JNIQ=
github.com/agilira/go-errors v1.1.0 h1:97cBNEDo6q2pKzkr/YqlqWq3fa5rOU8E4LOnSsCmWck=
github.com/agilira/go-errors v1.1.0/go.mod h1:YEeM2sVXg2w/GmDVZ2m2nH2kJ2Aa34OvbTA6w3JzVbY=
github.com/agilira/go-timecache v1.0.2 h1:8tmWsNhhXxmvopotfkX+IBnb+0wpclytdnsA3wPfmk4=
github.com/agilira/go-timecache v1.0.2/go.mod h1:Td47wj2NGJVCV+G4y+RlfHapluz4STXDeS1cQ1SqKDo=
github.com/mattn/go-sqlite3 v1.14.32 h1:JD12Ag3oLy1zQA+BNn74xRgaBbdhbNIDYvQUEuuErjs=
github.com/mattn/go-sqlite3 v1.14.32/go.mod h1:Uh1q+B4BYcTPb+yiD3kU8Ct7aC0hY9fxUwlHK0RXw+Y=
